
Microsoft Visual Studio Solution File, Format Version 12.00
# Visual Studio Version 17
VisualStudioVersion = 17.5.33414.496
MinimumVisualStudioVersion = 10.0.40219.1
Project("{9A19103F-16F7-4668-BE54-9A1E7A4F7556}") = "ConsoleApp4", "ConsoleApp4.csproj", "{D3430DD7-4973-4B46-991D-CCE089B66658}"
EndProject
Project("{9A19103F-16F7-4668-BE54-9A1E7A4F7556}") = "3dViewWPF", "..\3dViewWPF\3dViewWPF.csproj", "{12097C4E-07F1-4676-98C9-4F0A696B75C4}"
EndProject
Project("{FAE04EC0-301F-11D3-BF4B-00C04F79EFBC}") = "GohMdlExpert", "..\GohMdlExpert\GohMdlExpert.csproj", "{2B689950-029D-423A-A22A-46E827D36424}"
EndProject
Global
	GlobalSection(SolutionConfigurationPlatforms) = preSolution
		Debug|Any CPU = Debug|Any CPU
		Release|Any CPU = Release|Any CPU
	EndGlobalSection
	GlobalSection(ProjectConfigurationPlatforms) = postSolution
		{D3430DD7-4973-4B46-991D-CCE089B66658}.Debug|Any CPU.ActiveCfg = Debug|Any CPU
		{D3430DD7-4973-4B46-991D-CCE089B66658}.Debug|Any CPU.Build.0 = Debug|Any CPU
		{D3430DD7-4973-4B46-991D-CCE089B66658}.Release|Any CPU.ActiveCfg = Release|Any CPU
		{D3430DD7-4973-4B46-991D-CCE089B66658}.Release|Any CPU.Build.0 = Release|Any CPU
		{12097C4E-07F1-4676-98C9-4F0A696B75C4}.Debug|Any CPU.ActiveCfg = Debug|Any CPU
		{12097C4E-07F1-4676-98C9-4F0A696B75C4}.Debug|Any CPU.Build.0 = Debug|Any CPU
		{12097C4E-07F1-4676-98C9-4F0A696B75C4}.Release|Any CPU.ActiveCfg = Release|Any CPU
		{12097C4E-07F1-4676-98C9-4F0A696B75C4}.Release|Any CPU.Build.0 = Release|Any CPU
		{2B689950-029D-423A-A22A-46E827D36424}.Debug|Any CPU.ActiveCfg = Debug|Any CPU
		{2B689950-029D-423A-A22A-46E827D36424}.Debug|Any CPU.Build.0 = Debug|Any CPU
		{2B689950-029D-423A-A22A-46E827D36424}.Release|Any CPU.ActiveCfg = Release|Any CPU
		{2B689950-029D-423A-A22A-46E827D36424}.Release|Any CPU.Build.0 = Release|Any CPU
	EndGlobalSection
	GlobalSection(SolutionProperties) = preSolution
		HideSolutionNode = FALSE
	EndGlobalSection
	GlobalSection(ExtensibilityGlobals) = postSolution
		SolutionGuid = {D3BC7FB6-BF2C-431B-9614-82A1C3466DE3}
	EndGlobalSection
EndGlobal
